
Microsoft Visual Studio Solution File, Format Version 12.00
# Visual Studio Version 16
VisualStudioVersion = 16.0.30907.101
MinimumVisualStudioVersion = 10.0.40219.1
Project("{8BC9CEB8-8B4A-11D0-8D11-00A0C91BC942}") = "MPC_CUDA_test", "MPC_CUDA_test.vcxproj", "{297CE0AE-EAC6-4CC7-ABAC-B75729747F0A}"
EndProject
Global
	GlobalSection(SolutionConfigurationPlatforms) = preSolution
		Debug|x64 = Debug|x64
		Release|x64 = Release|x64
	EndGlobalSection
	GlobalSection(ProjectConfigurationPlatforms) = postSolution
		{297CE0AE-EAC6-4CC7-ABAC-B75729747F0A}.Debug|x64.ActiveCfg = Debug|x64
		{297CE0AE-EAC6-4CC7-ABAC-B75729747F0A}.Debug|x64.Build.0 = Debug|x64
		{297CE0AE-EAC6-4CC7-ABAC-B75729747F0A}.Release|x64.ActiveCfg = Release|x64
		{297CE0AE-EAC6-4CC7-ABAC-B75729747F0A}.Release|x64.Build.0 = Release|x64
	EndGlobalSection
	GlobalSection(SolutionProperties) = preSolution
		HideSolutionNode = FALSE
	EndGlobalSection
	GlobalSection(ExtensibilityGlobals) = postSolution
		SolutionGuid = {FFB05C15-C17B-4807-87D4-304E4F7D0E6C}
	EndGlobalSection
EndGlobal
